
Microsoft Visual Studio Solution File, Format Version 12.00
# Visual Studio Version 17
VisualStudioVersion = 17.14.36705.20 d17.14
MinimumVisualStudioVersion = 10.0.40219.1
Project("{FAE04EC0-301F-11D3-BF4B-00C04F79EFBC}") = "RandomPhrase", "RandomPhrase\RandomPhrase.csproj", "{B8AC939D-D45C-4717-BA7F-29643500FEA2}"
EndProject
Global
	GlobalSection(SolutionConfigurationPlatforms) = preSolution
		Debug|Any CPU = Debug|Any CPU
		Release|Any CPU = Release|Any CPU
	EndGlobalSection
	GlobalSection(ProjectConfigurationPlatforms) = postSolution
		{B8AC939D-D45C-4717-BA7F-29643500FEA2}.Debug|Any CPU.ActiveCfg = Debug|Any CPU
		{B8AC939D-D45C-4717-BA7F-29643500FEA2}.Debug|Any CPU.Build.0 = Debug|Any CPU
		{B8AC939D-D45C-4717-BA7F-29643500FEA2}.Release|Any CPU.ActiveCfg = Release|Any CPU
		{B8AC939D-D45C-4717-BA7F-29643500FEA2}.Release|Any CPU.Build.0 = Release|Any CPU
	EndGlobalSection
	GlobalSection(SolutionProperties) = preSolution
		HideSolutionNode = FALSE
	EndGlobalSection
	GlobalSection(ExtensibilityGlobals) = postSolution
		SolutionGuid = {A7D88E43-6000-43C2-8A27-AB383C25FF5B}
	EndGlobalSection
EndGlobal
